
Microsoft Visual Studio Solution File, Format Version 12.00
# Visual Studio Version 17
VisualStudioVersion = 17.14.36518.9 d17.14
MinimumVisualStudioVersion = 10.0.40219.1
Project("{8BC9CEB8-8B4A-11D0-8D11-00A0C91BC942}") = "数组求最接近的数", "数组求最接近的数\数组求最接近的数.vcxproj", "{14743D2F-F3C6-4366-88A9-D94BE4DD7700}"
EndProject
Global
	GlobalSection(SolutionConfigurationPlatforms) = preSolution
		Debug|x64 = Debug|x64
		Debug|x86 = Debug|x86
		Release|x64 = Release|x64
		Release|x86 = Release|x86
	EndGlobalSection
	GlobalSection(ProjectConfigurationPlatforms) = postSolution
		{14743D2F-F3C6-4366-88A9-D94BE4DD7700}.Debug|x64.ActiveCfg = Debug|x64
		{14743D2F-F3C6-4366-88A9-D94BE4DD7700}.Debug|x64.Build.0 = Debug|x64
		{14743D2F-F3C6-4366-88A9-D94BE4DD7700}.Debug|x86.ActiveCfg = Debug|Win32
		{14743D2F-F3C6-4366-88A9-D94BE4DD7700}.Debug|x86.Build.0 = Debug|Win32
		{14743D2F-F3C6-4366-88A9-D94BE4DD7700}.Release|x64.ActiveCfg = Release|x64
		{14743D2F-F3C6-4366-88A9-D94BE4DD7700}.Release|x64.Build.0 = Release|x64
		{14743D2F-F3C6-4366-88A9-D94BE4DD7700}.Release|x86.ActiveCfg = Release|Win32
		{14743D2F-F3C6-4366-88A9-D94BE4DD7700}.Release|x86.Build.0 = Release|Win32
	EndGlobalSection
	GlobalSection(SolutionProperties) = preSolution
		HideSolutionNode = FALSE
	EndGlobalSection
	GlobalSection(ExtensibilityGlobals) = postSolution
		SolutionGuid = {18A785CF-D4C8-4AD6-B35B-6FA16C5EE59F}
	EndGlobalSection
EndGlobal
