
Microsoft Visual Studio Solution File, Format Version 12.00
# Visual Studio Version 17
VisualStudioVersion = 17.14.36518.9 d17.14
MinimumVisualStudioVersion = 10.0.40219.1
Project("{8BC9CEB8-8B4A-11D0-8D11-00A0C91BC942}") = "泡沫排序", "泡沫排序\泡沫排序.vcxproj", "{1AA1FD57-054C-4A59-A8F9-600C1E876752}"
EndProject
Global
	GlobalSection(SolutionConfigurationPlatforms) = preSolution
		Debug|x64 = Debug|x64
		Debug|x86 = Debug|x86
		Release|x64 = Release|x64
		Release|x86 = Release|x86
	EndGlobalSection
	GlobalSection(ProjectConfigurationPlatforms) = postSolution
		{1AA1FD57-054C-4A59-A8F9-600C1E876752}.Debug|x64.ActiveCfg = Debug|x64
		{1AA1FD57-054C-4A59-A8F9-600C1E876752}.Debug|x64.Build.0 = Debug|x64
		{1AA1FD57-054C-4A59-A8F9-600C1E876752}.Debug|x86.ActiveCfg = Debug|Win32
		{1AA1FD57-054C-4A59-A8F9-600C1E876752}.Debug|x86.Build.0 = Debug|Win32
		{1AA1FD57-054C-4A59-A8F9-600C1E876752}.Release|x64.ActiveCfg = Release|x64
		{1AA1FD57-054C-4A59-A8F9-600C1E876752}.Release|x64.Build.0 = Release|x64
		{1AA1FD57-054C-4A59-A8F9-600C1E876752}.Release|x86.ActiveCfg = Release|Win32
		{1AA1FD57-054C-4A59-A8F9-600C1E876752}.Release|x86.Build.0 = Release|Win32
	EndGlobalSection
	GlobalSection(SolutionProperties) = preSolution
		HideSolutionNode = FALSE
	EndGlobalSection
	GlobalSection(ExtensibilityGlobals) = postSolution
		SolutionGuid = {3CBF46F6-D092-4B0D-A51D-A42584E26683}
	EndGlobalSection
EndGlobal
